// !$*UTF8*$!
{
	archiveVersion = 1;
	classes = {
	};
	objectVersion = 50;
	objects = {

/* Begin PBXBuildFile section */
		2C1A3E71242453D20085DC0D /* AllChordTableCell.swift in Sources */ = {isa = PBXBuildFile; fileRef = 2C1A3E70242453D20085DC0D /* AllChordTableCell.swift */; };
		2C4C84B02425669F00F32FB5 /* MyCustomHeader.swift in Sources */ = {isa = PBXBuildFile; fileRef = 2C4C84AF2425669F00F32FB5 /* MyCustomHeader.swift */; };
		2C4C84B424256F9D00F32FB5 /* GetNextChordVC.swift in Sources */ = {isa = PBXBuildFile; fileRef = 2C4C84B324256F9D00F32FB5 /* GetNextChordVC.swift */; };
		2C77E6E72425A98400FE7A0E /* NextChordCell.swift in Sources */ = {isa = PBXBuildFile; fileRef = 2C77E6E52425A98400FE7A0E /* NextChordCell.swift */; };
		2C77E6E82425A98400FE7A0E /* NextChordCell.xib in Resources */ = {isa = PBXBuildFile; fileRef = 2C77E6E62425A98400FE7A0E /* NextChordCell.xib */; };
		2C9D3C6A242194F700ED613B /* TableVC.swift in Sources */ = {isa = PBXBuildFile; fileRef = 2C9D3C69242194F700ED613B /* TableVC.swift */; };
		2C9D3C6C242196F500ED613B /* NewTableViewCell.swift in Sources */ = {isa = PBXBuildFile; fileRef = 2C9D3C6B242196F500ED613B /* NewTableViewCell.swift */; };
		2C9D3C6F2421A9B100ED613B /* Keys.swift in Sources */ = {isa = PBXBuildFile; fileRef = 2C9D3C6E2421A9B100ED613B /* Keys.swift */; };
		2CAE5BF62428C3DC0015A7A4 /* Bb.wav in Resources */ = {isa = PBXBuildFile; fileRef = 2CAE5BE82428C3DB0015A7A4 /* Bb.wav */; };
		2CAE5BF72428C3DC0015A7A4 /* Dm.wav in Resources */ = {isa = PBXBuildFile; fileRef = 2CAE5BE92428C3DB0015A7A4 /* Dm.wav */; };
		2CAE5BF82428C3DC0015A7A4 /* Am.wav in Resources */ = {isa = PBXBuildFile; fileRef = 2CAE5BEA2428C3DB0015A7A4 /* Am.wav */; };
		2CAE5BF92428C3DC0015A7A4 /* Cm.wav in Resources */ = {isa = PBXBuildFile; fileRef = 2CAE5BEB2428C3DC0015A7A4 /* Cm.wav */; };
		2CAE5BFA2428C3DC0015A7A4 /* G.wav in Resources */ = {isa = PBXBuildFile; fileRef = 2CAE5BEC2428C3DC0015A7A4 /* G.wav */; };
		2CAE5BFB2428C3DC0015A7A4 /* Bdim.wav in Resources */ = {isa = PBXBuildFile; fileRef = 2CAE5BED2428C3DC0015A7A4 /* Bdim.wav */; };
		2CAE5BFC2428C3DC0015A7A4 /* F.wav in Resources */ = {isa = PBXBuildFile; fileRef = 2CAE5BEE2428C3DC0015A7A4 /* F.wav */; };
		2CAE5BFD2428C3DC0015A7A4 /* Gm.wav in Resources */ = {isa = PBXBuildFile; fileRef = 2CAE5BEF2428C3DC0015A7A4 /* Gm.wav */; };
		2CAE5BFE2428C3DC0015A7A4 /* Em.wav in Resources */ = {isa = PBXBuildFile; fileRef = 2CAE5BF02428C3DC0015A7A4 /* Em.wav */; };
		2CAE5BFF2428C3DC0015A7A4 /* Ab.wav in Resources */ = {isa = PBXBuildFile; fileRef = 2CAE5BF12428C3DC0015A7A4 /* Ab.wav */; };
		2CAE5C002428C3DC0015A7A4 /* Ddim.wav in Resources */ = {isa = PBXBuildFile; fileRef = 2CAE5BF22428C3DC0015A7A4 /* Ddim.wav */; };
		2CAE5C012428C3DC0015A7A4 /* C.wav in Resources */ = {isa = PBXBuildFile; fileRef = 2CAE5BF32428C3DC0015A7A4 /* C.wav */; };
		2CAE5C022428C3DC0015A7A4 /* Fm.wav in Resources */ = {isa = PBXBuildFile; fileRef = 2CAE5BF42428C3DC0015A7A4 /* Fm.wav */; };
		2CAE5C032428C3DC0015A7A4 /* Eb.wav in Resources */ = {isa = PBXBuildFile; fileRef = 2CAE5BF52428C3DC0015A7A4 /* Eb.wav */; };
		2CC2C61024209C0E0096B0D7 /* AppDelegate.swift in Sources */ = {isa = PBXBuildFile; fileRef = 2CC2C60F24209C0E0096B0D7 /* AppDelegate.swift */; };
		2CC2C61224209C0E0096B0D7 /* SceneDelegate.swift in Sources */ = {isa = PBXBuildFile; fileRef = 2CC2C61124209C0E0096B0D7 /* SceneDelegate.swift */; };
		2CC2C61424209C0E0096B0D7 /* HomeVC.swift in Sources */ = {isa = PBXBuildFile; fileRef = 2CC2C61324209C0E0096B0D7 /* HomeVC.swift */; };
		2CC2C61724209C0E0096B0D7 /* Main.storyboard in Resources */ = {isa = PBXBuildFile; fileRef = 2CC2C61524209C0E0096B0D7 /* Main.storyboard */; };
		2CC2C61924209C0F0096B0D7 /* Assets.xcassets in Resources */ = {isa = PBXBuildFile; fileRef = 2CC2C61824209C0F0096B0D7 /* Assets.xcassets */; };
		2CC2C61C24209C0F0096B0D7 /* LaunchScreen.storyboard in Resources */ = {isa = PBXBuildFile; fileRef = 2CC2C61A24209C0F0096B0D7 /* LaunchScreen.storyboard */; };
		2CCF7A1C24232A9F00A999EC /* MajorChordCell.swift in Sources */ = {isa = PBXBuildFile; fileRef = 2CCF7A1B24232A9F00A999EC /* MajorChordCell.swift */; };
		2CCF7A1E24232AB200A999EC /* MinorChordCell.swift in Sources */ = {isa = PBXBuildFile; fileRef = 2CCF7A1D24232AB200A999EC /* MinorChordCell.swift */; };
		2CCF7A202423324800A999EC /* AllChordsVC.swift in Sources */ = {isa = PBXBuildFile; fileRef = 2CCF7A1F2423324800A999EC /* AllChordsVC.swift */; };
		2CDA479B2425C8E500D5B5D6 /* SecondChordCell.swift in Sources */ = {isa = PBXBuildFile; fileRef = 2CDA47992425C8E500D5B5D6 /* SecondChordCell.swift */; };
		2CDA479C2425C8E500D5B5D6 /* SecondChordCell.xib in Resources */ = {isa = PBXBuildFile; fileRef = 2CDA479A2425C8E500D5B5D6 /* SecondChordCell.xib */; };
		2CE4A6982425B72E0020A524 /* SecondChordVC.swift in Sources */ = {isa = PBXBuildFile; fileRef = 2CE4A6972425B72E0020A524 /* SecondChordVC.swift */; };
/* End PBXBuildFile section */

/* Begin PBXFileReference section */
		2C1A3E70242453D20085DC0D /* AllChordTableCell.swift */ = {isa = PBXFileReference; lastKnownFileType = sourcecode.swift; path = AllChordTableCell.swift; sourceTree = "<group>"; };
		2C4C84AF2425669F00F32FB5 /* MyCustomHeader.swift */ = {isa = PBXFileReference; lastKnownFileType = sourcecode.swift; path = MyCustomHeader.swift; sourceTree = "<group>"; };
		2C4C84B324256F9D00F32FB5 /* GetNextChordVC.swift */ = {isa = PBXFileReference; lastKnownFileType = sourcecode.swift; path = GetNextChordVC.swift; sourceTree = "<group>"; };
		2C77E6E52425A98400FE7A0E /* NextChordCell.swift */ = {isa = PBXFileReference; lastKnownFileType = sourcecode.swift; path = NextChordCell.swift; sourceTree = "<group>"; };
		2C77E6E62425A98400FE7A0E /* NextChordCell.xib */ = {isa = PBXFileReference; lastKnownFileType = file.xib; path = NextChordCell.xib; sourceTree = "<group>"; };
		2C9D3C69242194F700ED613B /* TableVC.swift */ = {isa = PBXFileReference; lastKnownFileType = sourcecode.swift; path = TableVC.swift; sourceTree = "<group>"; };
		2C9D3C6B242196F500ED613B /* NewTableViewCell.swift */ = {isa = PBXFileReference; lastKnownFileType = sourcecode.swift; path = NewTableViewCell.swift; sourceTree = "<group>"; };
		2C9D3C6E2421A9B100ED613B /* Keys.swift */ = {isa = PBXFileReference; lastKnownFileType = sourcecode.swift; path = Keys.swift; sourceTree = "<group>"; };
		2CAE5BE82428C3DB0015A7A4 /* Bb.wav */ = {isa = PBXFileReference; lastKnownFileType = audio.wav; path = Bb.wav; sourceTree = "<group>"; };
		2CAE5BE92428C3DB0015A7A4 /* Dm.wav */ = {isa = PBXFileReference; lastKnownFileType = audio.wav; path = Dm.wav; sourceTree = "<group>"; };
		2CAE5BEA2428C3DB0015A7A4 /* Am.wav */ = {isa = PBXFileReference; lastKnownFileType = audio.wav; path = Am.wav; sourceTree = "<group>"; };
		2CAE5BEB2428C3DC0015A7A4 /* Cm.wav */ = {isa = PBXFileReference; lastKnownFileType = audio.wav; path = Cm.wav; sourceTree = "<group>"; };
		2CAE5BEC2428C3DC0015A7A4 /* G.wav */ = {isa = PBXFileReference; lastKnownFileType = audio.wav; path = G.wav; sourceTree = "<group>"; };
		2CAE5BED2428C3DC0015A7A4 /* Bdim.wav */ = {isa = PBXFileReference; lastKnownFileType = audio.wav; path = Bdim.wav; sourceTree = "<group>"; };
		2CAE5BEE2428C3DC0015A7A4 /* F.wav */ = {isa = PBXFileReference; lastKnownFileType = audio.wav; path = F.wav; sourceTree = "<group>"; };
		2CAE5BEF2428C3DC0015A7A4 /* Gm.wav */ = {isa = PBXFileReference; lastKnownFileType = audio.wav; path = Gm.wav; sourceTree = "<group>"; };
		2CAE5BF02428C3DC0015A7A4 /* Em.wav */ = {isa = PBXFileReference; lastKnownFileType = audio.wav; path = Em.wav; sourceTree = "<group>"; };
		2CAE5BF12428C3DC0015A7A4 /* Ab.wav */ = {isa = PBXFileReference; lastKnownFileType = audio.wav; path = Ab.wav; sourceTree = "<group>"; };
		2CAE5BF22428C3DC0015A7A4 /* Ddim.wav */ = {isa = PBXFileReference; lastKnownFileType = audio.wav; path = Ddim.wav; sourceTree = "<group>"; };
		2CAE5BF32428C3DC0015A7A4 /* C.wav */ = {isa = PBXFileReference; lastKnownFileType = audio.wav; path = C.wav; sourceTree = "<group>"; };
		2CAE5BF42428C3DC0015A7A4 /* Fm.wav */ = {isa = PBXFileReference; lastKnownFileType = audio.wav; path = Fm.wav; sourceTree = "<group>"; };
		2CAE5BF52428C3DC0015A7A4 /* Eb.wav */ = {isa = PBXFileReference; lastKnownFileType = audio.wav; path = Eb.wav; sourceTree = "<group>"; };
		2CC2C60C24209C0E0096B0D7 /* next-chord.app */ = {isa = PBXFileReference; explicitFileType = wrapper.application; includeInIndex = 0; path = "next-chord.app"; sourceTree = BUILT_PRODUCTS_DIR; };
		2CC2C60F24209C0E0096B0D7 /* AppDelegate.swift */ = {isa = PBXFileReference; lastKnownFileType = sourcecode.swift; path = AppDelegate.swift; sourceTree = "<group>"; };
		2CC2C61124209C0E0096B0D7 /* SceneDelegate.swift */ = {isa = PBXFileReference; lastKnownFileType = sourcecode.swift; path = SceneDelegate.swift; sourceTree = "<group>"; };
		2CC2C61324209C0E0096B0D7 /* HomeVC.swift */ = {isa = PBXFileReference; lastKnownFileType = sourcecode.swift; path = HomeVC.swift; sourceTree = "<group>"; };
		2CC2C61624209C0E0096B0D7 /* Base */ = {isa = PBXFileReference; lastKnownFileType = file.storyboard; name = Base; path = Base.lproj/Main.storyboard; sourceTree = "<group>"; };
		2CC2C61824209C0F0096B0D7 /* Assets.xcassets */ = {isa = PBXFileReference; lastKnownFileType = folder.assetcatalog; path = Assets.xcassets; sourceTree = "<group>"; };
		2CC2C61B24209C0F0096B0D7 /* Base */ = {isa = PBXFileReference; lastKnownFileType = file.storyboard; name = Base; path = Base.lproj/LaunchScreen.storyboard; sourceTree = "<group>"; };
		2CC2C61D24209C0F0096B0D7 /* Info.plist */ = {isa = PBXFileReference; lastKnownFileType = text.plist.xml; path = Info.plist; sourceTree = "<group>"; };
		2CCF7A1B24232A9F00A999EC /* MajorChordCell.swift */ = {isa = PBXFileReference; lastKnownFileType = sourcecode.swift; path = MajorChordCell.swift; sourceTree = "<group>"; };
		2CCF7A1D24232AB200A999EC /* MinorChordCell.swift */ = {isa = PBXFileReference; lastKnownFileType = sourcecode.swift; path = MinorChordCell.swift; sourceTree = "<group>"; };
		2CCF7A1F2423324800A999EC /* AllChordsVC.swift */ = {isa = PBXFileReference; lastKnownFileType = sourcecode.swift; path = AllChordsVC.swift; sourceTree = "<group>"; };
		2CDA47992425C8E500D5B5D6 /* SecondChordCell.swift */ = {isa = PBXFileReference; lastKnownFileType = sourcecode.swift; path = SecondChordCell.swift; sourceTree = "<group>"; };
		2CDA479A2425C8E500D5B5D6 /* SecondChordCell.xib */ = {isa = PBXFileReference; lastKnownFileType = file.xib; path = SecondChordCell.xib; sourceTree = "<group>"; };
		2CE4A6972425B72E0020A524 /* SecondChordVC.swift */ = {isa = PBXFileReference; lastKnownFileType = sourcecode.swift; path = SecondChordVC.swift; sourceTree = "<group>"; };
/* End PBXFileReference section */

/* Begin PBXFrameworksBuildPhase section */
		2CC2C60924209C0E0096B0D7 /* Frameworks */ = {
			isa = PBXFrameworksBuildPhase;
			buildActionMask = 2147483647;
			files = (
			);
			runOnlyForDeploymentPostprocessing = 0;
		};
/* End PBXFrameworksBuildPhase section */

/* Begin PBXGroup section */
		2C9D3C6D242196FB00ED613B /* View */ = {
			isa = PBXGroup;
			children = (
				2CC2C61524209C0E0096B0D7 /* Main.storyboard */,
				2C9D3C6B242196F500ED613B /* NewTableViewCell.swift */,
				2CCF7A1B24232A9F00A999EC /* MajorChordCell.swift */,
				2CCF7A1D24232AB200A999EC /* MinorChordCell.swift */,
				2C1A3E70242453D20085DC0D /* AllChordTableCell.swift */,
				2C4C84AF2425669F00F32FB5 /* MyCustomHeader.swift */,
				2C77E6E52425A98400FE7A0E /* NextChordCell.swift */,
				2C77E6E62425A98400FE7A0E /* NextChordCell.xib */,
				2CDA47992425C8E500D5B5D6 /* SecondChordCell.swift */,
				2CDA479A2425C8E500D5B5D6 /* SecondChordCell.xib */,
			);
			path = View;
			sourceTree = "<group>";
		};
		2C9D3C702421A9B700ED613B /* Model */ = {
			isa = PBXGroup;
			children = (
				2C9D3C6E2421A9B100ED613B /* Keys.swift */,
			);
			path = Model;
			sourceTree = "<group>";
		};
		2CC2C60324209C0E0096B0D7 = {
			isa = PBXGroup;
			children = (
				2CC2C60E24209C0E0096B0D7 /* next-chord */,
				2CC2C60D24209C0E0096B0D7 /* Products */,
			);
			sourceTree = "<group>";
		};
		2CC2C60D24209C0E0096B0D7 /* Products */ = {
			isa = PBXGroup;
			children = (
				2CC2C60C24209C0E0096B0D7 /* next-chord.app */,
			);
			name = Products;
			sourceTree = "<group>";
		};
		2CC2C60E24209C0E0096B0D7 /* next-chord */ = {
			isa = PBXGroup;
			children = (
				2CC2C60F24209C0E0096B0D7 /* AppDelegate.swift */,
				2CC2C61124209C0E0096B0D7 /* SceneDelegate.swift */,
				2CDA2F832421D5B900D24465 /* Sounds */,
				2C9D3C702421A9B700ED613B /* Model */,
				2CC2C62524209DDA0096B0D7 /* Controller */,
				2C9D3C6D242196FB00ED613B /* View */,
				2CC2C61824209C0F0096B0D7 /* Assets.xcassets */,
				2CC2C61A24209C0F0096B0D7 /* LaunchScreen.storyboard */,
				2CC2C61D24209C0F0096B0D7 /* Info.plist */,
			);
			path = "next-chord";
			sourceTree = "<group>";
		};
		2CC2C62524209DDA0096B0D7 /* Controller */ = {
			isa = PBXGroup;
			children = (
				2CC2C61324209C0E0096B0D7 /* HomeVC.swift */,
				2C9D3C69242194F700ED613B /* TableVC.swift */,
				2CCF7A1F2423324800A999EC /* AllChordsVC.swift */,
				2C4C84B324256F9D00F32FB5 /* GetNextChordVC.swift */,
				2CE4A6972425B72E0020A524 /* SecondChordVC.swift */,
			);
			path = Controller;
			sourceTree = "<group>";
		};
		2CDA2F832421D5B900D24465 /* Sounds */ = {
			isa = PBXGroup;
			children = (
				2CAE5BF12428C3DC0015A7A4 /* Ab.wav */,
				2CAE5BEA2428C3DB0015A7A4 /* Am.wav */,
				2CAE5BE82428C3DB0015A7A4 /* Bb.wav */,
				2CAE5BED2428C3DC0015A7A4 /* Bdim.wav */,
				2CAE5BF32428C3DC0015A7A4 /* C.wav */,
				2CAE5BEB2428C3DC0015A7A4 /* Cm.wav */,
				2CAE5BF22428C3DC0015A7A4 /* Ddim.wav */,
				2CAE5BE92428C3DB0015A7A4 /* Dm.wav */,
				2CAE5BF52428C3DC0015A7A4 /* Eb.wav */,
				2CAE5BF02428C3DC0015A7A4 /* Em.wav */,
				2CAE5BEE2428C3DC0015A7A4 /* F.wav */,
				2CAE5BF42428C3DC0015A7A4 /* Fm.wav */,
				2CAE5BEC2428C3DC0015A7A4 /* G.wav */,
				2CAE5BEF2428C3DC0015A7A4 /* Gm.wav */,
			);
			path = Sounds;
			sourceTree = "<group>";
		};
/* End PBXGroup section */

/* Begin PBXNativeTarget section */
		2CC2C60B24209C0E0096B0D7 /* next-chord */ = {
			isa = PBXNativeTarget;
			buildConfigurationList = 2CC2C62024209C0F0096B0D7 /* Build configuration list for PBXNativeTarget "next-chord" */;
			buildPhases = (
				2CC2C60824209C0E0096B0D7 /* Sources */,
				2CC2C60924209C0E0096B0D7 /* Frameworks */,
				2CC2C60A24209C0E0096B0D7 /* Resources */,
			);
			buildRules = (
			);
			dependencies = (
			);
			name = "next-chord";
			productName = "next-chord";
			productReference = 2CC2C60C24209C0E0096B0D7 /* next-chord.app */;
			productType = "com.apple.product-type.application";
		};
/* End PBXNativeTarget section */

/* Begin PBXProject section */
		2CC2C60424209C0E0096B0D7 /* Project object */ = {
			isa = PBXProject;
			attributes = {
				LastSwiftUpdateCheck = 1130;
				LastUpgradeCheck = 1130;
				ORGANIZATIONNAME = "Make School";
				TargetAttributes = {
					2CC2C60B24209C0E0096B0D7 = {
						CreatedOnToolsVersion = 11.3.1;
					};
				};
			};
			buildConfigurationList = 2CC2C60724209C0E0096B0D7 /* Build configuration list for PBXProject "next-chord" */;
			compatibilityVersion = "Xcode 9.3";
			developmentRegion = en;
			hasScannedForEncodings = 0;
			knownRegions = (
				en,
				Base,
			);
			mainGroup = 2CC2C60324209C0E0096B0D7;
			productRefGroup = 2CC2C60D24209C0E0096B0D7 /* Products */;
			projectDirPath = "";
			projectRoot = "";
			targets = (
				2CC2C60B24209C0E0096B0D7 /* next-chord */,
			);
		};
/* End PBXProject section */

/* Begin PBXResourcesBuildPhase section */
		2CC2C60A24209C0E0096B0D7 /* Resources */ = {
			isa = PBXResourcesBuildPhase;
			buildActionMask = 2147483647;
			files = (
				2CAE5BFD2428C3DC0015A7A4 /* Gm.wav in Resources */,
				2CAE5BF82428C3DC0015A7A4 /* Am.wav in Resources */,
				2CAE5C012428C3DC0015A7A4 /* C.wav in Resources */,
				2CAE5C002428C3DC0015A7A4 /* Ddim.wav in Resources */,
				2CAE5BF72428C3DC0015A7A4 /* Dm.wav in Resources */,
				2CAE5BFB2428C3DC0015A7A4 /* Bdim.wav in Resources */,
				2CAE5BFC2428C3DC0015A7A4 /* F.wav in Resources */,
				2CAE5BFF2428C3DC0015A7A4 /* Ab.wav in Resources */,
				2CAE5BF62428C3DC0015A7A4 /* Bb.wav in Resources */,
				2CAE5BFE2428C3DC0015A7A4 /* Em.wav in Resources */,
				2CC2C61C24209C0F0096B0D7 /* LaunchScreen.storyboard in Resources */,
				2C77E6E82425A98400FE7A0E /* NextChordCell.xib in Resources */,
				2CAE5BF92428C3DC0015A7A4 /* Cm.wav in Resources */,
				2CAE5BFA2428C3DC0015A7A4 /* G.wav in Resources */,
				2CDA479C2425C8E500D5B5D6 /* SecondChordCell.xib in Resources */,
				2CAE5C032428C3DC0015A7A4 /* Eb.wav in Resources */,
				2CC2C61924209C0F0096B0D7 /* Assets.xcassets in Resources */,
				2CC2C61724209C0E0096B0D7 /* Main.storyboard in Resources */,
				2CAE5C022428C3DC0015A7A4 /* Fm.wav in Resources */,
			);
			runOnlyForDeploymentPostprocessing = 0;
		};
/* End PBXResourcesBuildPhase section */

/* Begin PBXSourcesBuildPhase section */
		2CC2C60824209C0E0096B0D7 /* Sources */ = {
			isa = PBXSourcesBuildPhase;
			buildActionMask = 2147483647;
			files = (
				2CCF7A1C24232A9F00A999EC /* MajorChordCell.swift in Sources */,
				2C9D3C6C242196F500ED613B /* NewTableViewCell.swift in Sources */,
				2C1A3E71242453D20085DC0D /* AllChordTableCell.swift in Sources */,
				2CC2C61424209C0E0096B0D7 /* HomeVC.swift in Sources */,
				2C4C84B424256F9D00F32FB5 /* GetNextChordVC.swift in Sources */,
				2CE4A6982425B72E0020A524 /* SecondChordVC.swift in Sources */,
				2C4C84B02425669F00F32FB5 /* MyCustomHeader.swift in Sources */,
				2CC2C61024209C0E0096B0D7 /* AppDelegate.swift in Sources */,
				2C77E6E72425A98400FE7A0E /* NextChordCell.swift in Sources */,
				2CCF7A1E24232AB200A999EC /* MinorChordCell.swift in Sources */,
				2C9D3C6F2421A9B100ED613B /* Keys.swift in Sources */,
				2CCF7A202423324800A999EC /* AllChordsVC.swift in Sources */,
				2CDA479B2425C8E500D5B5D6 /* SecondChordCell.swift in Sources */,
				2C9D3C6A242194F700ED613B /* TableVC.swift in Sources */,
				2CC2C61224209C0E0096B0D7 /* SceneDelegate.swift in Sources */,
			);
			runOnlyForDeploymentPostprocessing = 0;
		};
/* End PBXSourcesBuildPhase section */

/* Begin PBXVariantGroup section */
		2CC2C61524209C0E0096B0D7 /* Main.storyboard */ = {
			isa = PBXVariantGroup;
			children = (
				2CC2C61624209C0E0096B0D7 /* Base */,
			);
			name = Main.storyboard;
			sourceTree = "<group>";
		};
		2CC2C61A24209C0F0096B0D7 /* LaunchScreen.storyboard */ = {
			isa = PBXVariantGroup;
			children = (
				2CC2C61B24209C0F0096B0D7 /* Base */,
			);
			name = LaunchScreen.storyboard;
			sourceTree = "<group>";
		};
/* End PBXVariantGroup section */

/* Begin XCBuildConfiguration section */
		2CC2C61E24209C0F0096B0D7 /* Debug */ = {
			isa = XCBuildConfiguration;
			buildSettings = {
				ALWAYS_SEARCH_USER_PATHS = NO;
				CLANG_ANALYZER_NONNULL = YES;
				CLANG_ANALYZER_NUMBER_OBJECT_CONVERSION = YES_AGGRESSIVE;
				CLANG_CXX_LANGUAGE_STANDARD = "gnu++14";
				CLANG_CXX_LIBRARY = "libc++";
				CLANG_ENABLE_MODULES = YES;
				CLANG_ENABLE_OBJC_ARC = YES;
				CLANG_ENABLE_OBJC_WEAK = YES;
				CLANG_WARN_BLOCK_CAPTURE_AUTORELEASING = YES;
				CLANG_WARN_BOOL_CONVERSION = YES;
				CLANG_WARN_COMMA = YES;
				CLANG_WARN_CONSTANT_CONVERSION = YES;
				CLANG_WARN_DEPRECATED_OBJC_IMPLEMENTATIONS = YES;
				CLANG_WARN_DIRECT_OBJC_ISA_USAGE = YES_ERROR;
				CLANG_WARN_DOCUMENTATION_COMMENTS = YES;
				CLANG_WARN_EMPTY_BODY = YES;
				CLANG_WARN_ENUM_CONVERSION = YES;
				CLANG_WARN_INFINITE_RECURSION = YES;
				CLANG_WARN_INT_CONVERSION = YES;
				CLANG_WARN_NON_LITERAL_NULL_CONVERSION = YES;
				CLANG_WARN_OBJC_IMPLICIT_RETAIN_SELF = YES;
				CLANG_WARN_OBJC_LITERAL_CONVERSION = YES;
				CLANG_WARN_OBJC_ROOT_CLASS = YES_ERROR;
				CLANG_WARN_RANGE_LOOP_ANALYSIS = YES;
				CLANG_WARN_STRICT_PROTOTYPES = YES;
				CLANG_WARN_SUSPICIOUS_MOVE = YES;
				CLANG_WARN_UNGUARDED_AVAILABILITY = YES_AGGRESSIVE;
				CLANG_WARN_UNREACHABLE_CODE = YES;
				CLANG_WARN__DUPLICATE_METHOD_MATCH = YES;
				COPY_PHASE_STRIP = NO;
				DEBUG_INFORMATION_FORMAT = dwarf;
				ENABLE_STRICT_OBJC_MSGSEND = YES;
				ENABLE_TESTABILITY = YES;
				GCC_C_LANGUAGE_STANDARD = gnu11;
				GCC_DYNAMIC_NO_PIC = NO;
				GCC_NO_COMMON_BLOCKS = YES;
				GCC_OPTIMIZATION_LEVEL = 0;
				GCC_PREPROCESSOR_DEFINITIONS = (
					"DEBUG=1",
					"$(inherited)",
				);
				GCC_WARN_64_TO_32_BIT_CONVERSION = YES;
				GCC_WARN_ABOUT_RETURN_TYPE = YES_ERROR;
				GCC_WARN_UNDECLARED_SELECTOR = YES;
				GCC_WARN_UNINITIALIZED_AUTOS = YES_AGGRESSIVE;
				GCC_WARN_UNUSED_FUNCTION = YES;
				GCC_WARN_UNUSED_VARIABLE = YES;
				IPHONEOS_DEPLOYMENT_TARGET = 13.2;
				MTL_ENABLE_DEBUG_INFO = INCLUDE_SOURCE;
				MTL_FAST_MATH = YES;
				ONLY_ACTIVE_ARCH = YES;
				SDKROOT = iphoneos;
				SWIFT_ACTIVE_COMPILATION_CONDITIONS = DEBUG;
				SWIFT_OPTIMIZATION_LEVEL = "-Onone";
			};
			name = Debug;
		};
		2CC2C61F24209C0F0096B0D7 /* Release */ = {
			isa = XCBuildConfiguration;
			buildSettings = {
				ALWAYS_SEARCH_USER_PATHS = NO;
				CLANG_ANALYZER_NONNULL = YES;
				CLANG_ANALYZER_NUMBER_OBJECT_CONVERSION = YES_AGGRESSIVE;
				CLANG_CXX_LANGUAGE_STANDARD = "gnu++14";
				CLANG_CXX_LIBRARY = "libc++";
				CLANG_ENABLE_MODULES = YES;
				CLANG_ENABLE_OBJC_ARC = YES;
				CLANG_ENABLE_OBJC_WEAK = YES;
				CLANG_WARN_BLOCK_CAPTURE_AUTORELEASING = YES;
				CLANG_WARN_BOOL_CONVERSION = YES;
				CLANG_WARN_COMMA = YES;
				CLANG_WARN_CONSTANT_CONVERSION = YES;
				CLANG_WARN_DEPRECATED_OBJC_IMPLEMENTATIONS = YES;
				CLANG_WARN_DIRECT_OBJC_ISA_USAGE = YES_ERROR;
				CLANG_WARN_DOCUMENTATION_COMMENTS = YES;
				CLANG_WARN_EMPTY_BODY = YES;
				CLANG_WARN_ENUM_CONVERSION = YES;
				CLANG_WARN_INFINITE_RECURSION = YES;
				CLANG_WARN_INT_CONVERSION = YES;
				CLANG_WARN_NON_LITERAL_NULL_CONVERSION = YES;
				CLANG_WARN_OBJC_IMPLICIT_RETAIN_SELF = YES;
				CLANG_WARN_OBJC_LITERAL_CONVERSION = YES;
				CLANG_WARN_OBJC_ROOT_CLASS = YES_ERROR;
				CLANG_WARN_RANGE_LOOP_ANALYSIS = YES;
				CLANG_WARN_STRICT_PROTOTYPES = YES;
				CLANG_WARN_SUSPICIOUS_MOVE = YES;
				CLANG_WARN_UNGUARDED_AVAILABILITY = YES_AGGRESSIVE;
				CLANG_WARN_UNREACHABLE_CODE = YES;
				CLANG_WARN__DUPLICATE_METHOD_MATCH = YES;
				COPY_PHASE_STRIP = NO;
				DEBUG_INFORMATION_FORMAT = "dwarf-with-dsym";
				ENABLE_NS_ASSERTIONS = NO;
				ENABLE_STRICT_OBJC_MSGSEND = YES;
				GCC_C_LANGUAGE_STANDARD = gnu11;
				GCC_NO_COMMON_BLOCKS = YES;
				GCC_WARN_64_TO_32_BIT_CONVERSION = YES;
				GCC_WARN_ABOUT_RETURN_TYPE = YES_ERROR;
				GCC_WARN_UNDECLARED_SELECTOR = YES;
				GCC_WARN_UNINITIALIZED_AUTOS = YES_AGGRESSIVE;
				GCC_WARN_UNUSED_FUNCTION = YES;
				GCC_WARN_UNUSED_VARIABLE = YES;
				IPHONEOS_DEPLOYMENT_TARGET = 13.2;
				MTL_ENABLE_DEBUG_INFO = NO;
				MTL_FAST_MATH = YES;
				SDKROOT = iphoneos;
				SWIFT_COMPILATION_MODE = wholemodule;
				SWIFT_OPTIMIZATION_LEVEL = "-O";
				VALIDATE_PRODUCT = YES;
			};
			name = Release;
		};
		2CC2C62124209C0F0096B0D7 /* Debug */ = {
			isa = XCBuildConfiguration;
			buildSettings = {
				ASSETCATALOG_COMPILER_APPICON_NAME = AppIcon;
				CODE_SIGN_STYLE = Automatic;
				INFOPLIST_FILE = "next-chord/Info.plist";
				LD_RUNPATH_SEARCH_PATHS = (
					"$(inherited)",
					"@executable_path/Frameworks",
				);
				PRODUCT_BUNDLE_IDENTIFIER = "com.makeschool.next-chord";
				PRODUCT_NAME = "$(TARGET_NAME)";
				SWIFT_VERSION = 5.0;
				TARGETED_DEVICE_FAMILY = "1,2";
			};
			name = Debug;
		};
		2CC2C62224209C0F0096B0D7 /* Release */ = {
			isa = XCBuildConfiguration;
			buildSettings = {
				ASSETCATALOG_COMPILER_APPICON_NAME = AppIcon;
				CODE_SIGN_STYLE = Automatic;
				INFOPLIST_FILE = "next-chord/Info.plist";
				LD_RUNPATH_SEARCH_PATHS = (
					"$(inherited)",
					"@executable_path/Frameworks",
				);
				PRODUCT_BUNDLE_IDENTIFIER = "com.makeschool.next-chord";
				PRODUCT_NAME = "$(TARGET_NAME)";
				SWIFT_VERSION = 5.0;
				TARGETED_DEVICE_FAMILY = "1,2";
			};
			name = Release;
		};
/* End XCBuildConfiguration section */

/* Begin XCConfigurationList section */
		2CC2C60724209C0E0096B0D7 /* Build configuration list for PBXProject "next-chord" */ = {
			isa = XCConfigurationList;
			buildConfigurations = (
				2CC2C61E24209C0F0096B0D7 /* Debug */,
				2CC2C61F24209C0F0096B0D7 /* Release */,
			);
			defaultConfigurationIsVisible = 0;
			defaultConfigurationName = Release;
		};
		2CC2C62024209C0F0096B0D7 /* Build configuration list for PBXNativeTarget "next-chord" */ = {
			isa = XCConfigurationList;
			buildConfigurations = (
				2CC2C62124209C0F0096B0D7 /* Debug */,
				2CC2C62224209C0F0096B0D7 /* Release */,
			);
			defaultConfigurationIsVisible = 0;
			defaultConfigurationName = Release;
		};
/* End XCConfigurationList section */
	};
	rootObject = 2CC2C60424209C0E0096B0D7 /* Project object */;
}
